
Microsoft Visual Studio Solution File, Format Version 12.00
# Visual Studio 15
VisualStudioVersion = 15.0.28307.489
MinimumVisualStudioVersion = 10.0.40219.1
Project("{F2A71F9B-5D33-465A-A702-920D77279786}") = "kovalenkoind11", "kovalenkoind11\kovalenkoind11.fsproj", "{595728A1-5E5F-49DE-A8C0-FFED3E3ACCEF}"
EndProject
Global
	GlobalSection(SolutionConfigurationPlatforms) = preSolution
		Debug|Any CPU = Debug|Any CPU
		Release|Any CPU = Release|Any CPU
	EndGlobalSection
	GlobalSection(ProjectConfigurationPlatforms) = postSolution
		{595728A1-5E5F-49DE-A8C0-FFED3E3ACCEF}.Debug|Any CPU.ActiveCfg = Debug|Any CPU
		{595728A1-5E5F-49DE-A8C0-FFED3E3ACCEF}.Debug|Any CPU.Build.0 = Debug|Any CPU
		{595728A1-5E5F-49DE-A8C0-FFED3E3ACCEF}.Release|Any CPU.ActiveCfg = Release|Any CPU
		{595728A1-5E5F-49DE-A8C0-FFED3E3ACCEF}.Release|Any CPU.Build.0 = Release|Any CPU
	EndGlobalSection
	GlobalSection(SolutionProperties) = preSolution
		HideSolutionNode = FALSE
	EndGlobalSection
	GlobalSection(ExtensibilityGlobals) = postSolution
		SolutionGuid = {398B9BD1-868A-484F-98E2-127CFDB91701}
	EndGlobalSection
EndGlobal
